// !$*UTF8*$!
{
	archiveVersion = 1;
	classes = {
	};
	objectVersion = 56;
	objects = {

/* Begin PBXBuildFile section */
		3E0537B1288F0C7E004570D4 /* View+Extension.swift in Sources */ = {isa = PBXBuildFile; fileRef = 3E0537B0288F0C7E004570D4 /* View+Extension.swift */; };
		3E0537B3288F3097004570D4 /* Color+Extension.swift in Sources */ = {isa = PBXBuildFile; fileRef = 3E0537B2288F3097004570D4 /* Color+Extension.swift */; };
		3E0537B5289182F1004570D4 /* HistoryBarChart.swift in Sources */ = {isa = PBXBuildFile; fileRef = 3E0537B4289182F1004570D4 /* HistoryBarChart.swift */; };
		3E88E73A288748FE0041173A /* HomeView.swift in Sources */ = {isa = PBXBuildFile; fileRef = 3E88E739288748FE0041173A /* HomeView.swift */; };
		3E88E73C28874DDF0041173A /* HistoryTimerListView.swift in Sources */ = {isa = PBXBuildFile; fileRef = 3E88E73B28874DDF0041173A /* HistoryTimerListView.swift */; };
		3E88E73E2887511D0041173A /* DataController.swift in Sources */ = {isa = PBXBuildFile; fileRef = 3E88E73D2887511D0041173A /* DataController.swift */; };
		3E88E7422887515E0041173A /* Main.xcdatamodeld in Sources */ = {isa = PBXBuildFile; fileRef = 3E88E7402887515E0041173A /* Main.xcdatamodeld */; };
		3E88E7442887646E0041173A /* AppViewModel.swift in Sources */ = {isa = PBXBuildFile; fileRef = 3E88E7432887646E0041173A /* AppViewModel.swift */; };
		3E88E7462887764B0041173A /* Tasking+Extension.swift in Sources */ = {isa = PBXBuildFile; fileRef = 3E88E7452887764B0041173A /* Tasking+Extension.swift */; };
		3EA2B77A288B1994008A0852 /* ColorSettingView.swift in Sources */ = {isa = PBXBuildFile; fileRef = 3EA2B779288B1994008A0852 /* ColorSettingView.swift */; };
		3EA2B77C288C6F93008A0852 /* PickingTimeView.swift in Sources */ = {isa = PBXBuildFile; fileRef = 3EA2B77B288C6F93008A0852 /* PickingTimeView.swift */; };
		3EA43060288898ED00AB687F /* Timing+Extension.swift in Sources */ = {isa = PBXBuildFile; fileRef = 3EA4305F288898ED00AB687F /* Timing+Extension.swift */; };
		3EA430622888A66F00AB687F /* Date+Extension.swift in Sources */ = {isa = PBXBuildFile; fileRef = 3EA430612888A66F00AB687F /* Date+Extension.swift */; };
		3EB328B528823A0900FC4548 /* Time+Extension.swift in Sources */ = {isa = PBXBuildFile; fileRef = 3EB328B428823A0900FC4548 /* Time+Extension.swift */; };
		3EB328B928844D0600FC4548 /* TimerView.swift in Sources */ = {isa = PBXBuildFile; fileRef = 3EB328B828844D0600FC4548 /* TimerView.swift */; };
		3EB328BB28844D1100FC4548 /* TasksView.swift in Sources */ = {isa = PBXBuildFile; fileRef = 3EB328BA28844D1100FC4548 /* TasksView.swift */; };
		3EB328BF2884606600FC4548 /* TaskCellView.swift in Sources */ = {isa = PBXBuildFile; fileRef = 3EB328BE2884606600FC4548 /* TaskCellView.swift */; };
		3EBD7F97289DF4AB00E4353C /* SettingsView.swift in Sources */ = {isa = PBXBuildFile; fileRef = 3EBD7F96289DF4AB00E4353C /* SettingsView.swift */; };
		3EBD7F99289E04C300E4353C /* FontDesignSettingView.swift in Sources */ = {isa = PBXBuildFile; fileRef = 3EBD7F98289E04C300E4353C /* FontDesignSettingView.swift */; };
		3EBD7F9B28A1833E00E4353C /* UserDefault+Extension.swift in Sources */ = {isa = PBXBuildFile; fileRef = 3EBD7F9A28A1833E00E4353C /* UserDefault+Extension.swift */; };
		3EE8E165287522C6008AB34E /* iJustFocusApp.swift in Sources */ = {isa = PBXBuildFile; fileRef = 3EE8E164287522C6008AB34E /* iJustFocusApp.swift */; };
		3EE8E167287522C6008AB34E /* ContentView.swift in Sources */ = {isa = PBXBuildFile; fileRef = 3EE8E166287522C6008AB34E /* ContentView.swift */; };
		3EE8E169287522C7008AB34E /* Assets.xcassets in Resources */ = {isa = PBXBuildFile; fileRef = 3EE8E168287522C7008AB34E /* Assets.xcassets */; };
		3EE8E16C287522C7008AB34E /* Preview Assets.xcassets in Resources */ = {isa = PBXBuildFile; fileRef = 3EE8E16B287522C7008AB34E /* Preview Assets.xcassets */; };
		3EE8E173287522E5008AB34E /* Background+Extension.swift in Sources */ = {isa = PBXBuildFile; fileRef = 3EE8E172287522E5008AB34E /* Background+Extension.swift */; };
		3EE8E17528752491008AB34E /* TimerViewModel.swift in Sources */ = {isa = PBXBuildFile; fileRef = 3EE8E17428752491008AB34E /* TimerViewModel.swift */; };
		3EF3DD4D2884AF9200DA57DD /* TaskViewModel.swift in Sources */ = {isa = PBXBuildFile; fileRef = 3EF3DD4C2884AF9200DA57DD /* TaskViewModel.swift */; };
/* End PBXBuildFile section */

/* Begin PBXFileReference section */
		3E0537B0288F0C7E004570D4 /* View+Extension.swift */ = {isa = PBXFileReference; lastKnownFileType = sourcecode.swift; path = "View+Extension.swift"; sourceTree = "<group>"; };
		3E0537B2288F3097004570D4 /* Color+Extension.swift */ = {isa = PBXFileReference; lastKnownFileType = sourcecode.swift; path = "Color+Extension.swift"; sourceTree = "<group>"; };
		3E0537B4289182F1004570D4 /* HistoryBarChart.swift */ = {isa = PBXFileReference; lastKnownFileType = sourcecode.swift; path = HistoryBarChart.swift; sourceTree = "<group>"; };
		3E88E739288748FE0041173A /* HomeView.swift */ = {isa = PBXFileReference; lastKnownFileType = sourcecode.swift; path = HomeView.swift; sourceTree = "<group>"; };
		3E88E73B28874DDF0041173A /* HistoryTimerListView.swift */ = {isa = PBXFileReference; lastKnownFileType = sourcecode.swift; path = HistoryTimerListView.swift; sourceTree = "<group>"; };
		3E88E73D2887511D0041173A /* DataController.swift */ = {isa = PBXFileReference; lastKnownFileType = sourcecode.swift; path = DataController.swift; sourceTree = "<group>"; };
		3E88E7412887515E0041173A /* Main.xcdatamodel */ = {isa = PBXFileReference; lastKnownFileType = wrapper.xcdatamodel; path = Main.xcdatamodel; sourceTree = "<group>"; };
		3E88E7432887646E0041173A /* AppViewModel.swift */ = {isa = PBXFileReference; lastKnownFileType = sourcecode.swift; path = AppViewModel.swift; sourceTree = "<group>"; };
		3E88E7452887764B0041173A /* Tasking+Extension.swift */ = {isa = PBXFileReference; lastKnownFileType = sourcecode.swift; path = "Tasking+Extension.swift"; sourceTree = "<group>"; };
		3EA2B779288B1994008A0852 /* ColorSettingView.swift */ = {isa = PBXFileReference; lastKnownFileType = sourcecode.swift; path = ColorSettingView.swift; sourceTree = "<group>"; };
		3EA2B77B288C6F93008A0852 /* PickingTimeView.swift */ = {isa = PBXFileReference; lastKnownFileType = sourcecode.swift; path = PickingTimeView.swift; sourceTree = "<group>"; };
		3EA4305F288898ED00AB687F /* Timing+Extension.swift */ = {isa = PBXFileReference; lastKnownFileType = sourcecode.swift; path = "Timing+Extension.swift"; sourceTree = "<group>"; };
		3EA430612888A66F00AB687F /* Date+Extension.swift */ = {isa = PBXFileReference; lastKnownFileType = sourcecode.swift; path = "Date+Extension.swift"; sourceTree = "<group>"; };
		3EB328B428823A0900FC4548 /* Time+Extension.swift */ = {isa = PBXFileReference; lastKnownFileType = sourcecode.swift; path = "Time+Extension.swift"; sourceTree = "<group>"; };
		3EB328B828844D0600FC4548 /* TimerView.swift */ = {isa = PBXFileReference; lastKnownFileType = sourcecode.swift; path = TimerView.swift; sourceTree = "<group>"; };
		3EB328BA28844D1100FC4548 /* TasksView.swift */ = {isa = PBXFileReference; lastKnownFileType = sourcecode.swift; path = TasksView.swift; sourceTree = "<group>"; };
		3EB328BE2884606600FC4548 /* TaskCellView.swift */ = {isa = PBXFileReference; lastKnownFileType = sourcecode.swift; path = TaskCellView.swift; sourceTree = "<group>"; };
		3EBD7F96289DF4AB00E4353C /* SettingsView.swift */ = {isa = PBXFileReference; lastKnownFileType = sourcecode.swift; path = SettingsView.swift; sourceTree = "<group>"; };
		3EBD7F98289E04C300E4353C /* FontDesignSettingView.swift */ = {isa = PBXFileReference; lastKnownFileType = sourcecode.swift; path = FontDesignSettingView.swift; sourceTree = "<group>"; };
		3EBD7F9A28A1833E00E4353C /* UserDefault+Extension.swift */ = {isa = PBXFileReference; lastKnownFileType = sourcecode.swift; path = "UserDefault+Extension.swift"; sourceTree = "<group>"; };
		3EE8E161287522C6008AB34E /* iJustFocus.app */ = {isa = PBXFileReference; explicitFileType = wrapper.application; includeInIndex = 0; path = iJustFocus.app; sourceTree = BUILT_PRODUCTS_DIR; };
		3EE8E164287522C6008AB34E /* iJustFocusApp.swift */ = {isa = PBXFileReference; lastKnownFileType = sourcecode.swift; path = iJustFocusApp.swift; sourceTree = "<group>"; };
		3EE8E166287522C6008AB34E /* ContentView.swift */ = {isa = PBXFileReference; lastKnownFileType = sourcecode.swift; path = ContentView.swift; sourceTree = "<group>"; };
		3EE8E168287522C7008AB34E /* Assets.xcassets */ = {isa = PBXFileReference; lastKnownFileType = folder.assetcatalog; path = Assets.xcassets; sourceTree = "<group>"; };
		3EE8E16B287522C7008AB34E /* Preview Assets.xcassets */ = {isa = PBXFileReference; lastKnownFileType = folder.assetcatalog; path = "Preview Assets.xcassets"; sourceTree = "<group>"; };
		3EE8E172287522E5008AB34E /* Background+Extension.swift */ = {isa = PBXFileReference; lastKnownFileType = sourcecode.swift; path = "Background+Extension.swift"; sourceTree = "<group>"; };
		3EE8E17428752491008AB34E /* TimerViewModel.swift */ = {isa = PBXFileReference; lastKnownFileType = sourcecode.swift; path = TimerViewModel.swift; sourceTree = "<group>"; };
		3EF3DD4C2884AF9200DA57DD /* TaskViewModel.swift */ = {isa = PBXFileReference; lastKnownFileType = sourcecode.swift; path = TaskViewModel.swift; sourceTree = "<group>"; };
/* End PBXFileReference section */

/* Begin PBXFrameworksBuildPhase section */
		3EE8E15E287522C6008AB34E /* Frameworks */ = {
			isa = PBXFrameworksBuildPhase;
			buildActionMask = 2147483647;
			files = (
			);
			runOnlyForDeploymentPostprocessing = 0;
		};
/* End PBXFrameworksBuildPhase section */

/* Begin PBXGroup section */
		3E88E73F288751200041173A /* Controllers */ = {
			isa = PBXGroup;
			children = (
				3E88E73D2887511D0041173A /* DataController.swift */,
			);
			path = Controllers;
			sourceTree = "<group>";
		};
		3E88E7472888760D0041173A /* Extensions */ = {
			isa = PBXGroup;
			children = (
				3EE8E172287522E5008AB34E /* Background+Extension.swift */,
				3EB328B428823A0900FC4548 /* Time+Extension.swift */,
				3E88E7452887764B0041173A /* Tasking+Extension.swift */,
				3EA4305F288898ED00AB687F /* Timing+Extension.swift */,
				3EA430612888A66F00AB687F /* Date+Extension.swift */,
				3E0537B0288F0C7E004570D4 /* View+Extension.swift */,
				3E0537B2288F3097004570D4 /* Color+Extension.swift */,
				3EBD7F9A28A1833E00E4353C /* UserDefault+Extension.swift */,
			);
			path = Extensions;
			sourceTree = "<group>";
		};
		3E88E748288876220041173A /* ViewModels */ = {
			isa = PBXGroup;
			children = (
				3EE8E17428752491008AB34E /* TimerViewModel.swift */,
				3EF3DD4C2884AF9200DA57DD /* TaskViewModel.swift */,
				3E88E7432887646E0041173A /* AppViewModel.swift */,
			);
			path = ViewModels;
			sourceTree = "<group>";
		};
		3E88E749288876370041173A /* Views */ = {
			isa = PBXGroup;
			children = (
				3ECFC7AA28A69C860035EB77 /* Charts */,
				3ECFC7A928A69C760035EB77 /* Settings */,
				3EB328BC2884605100FC4548 /* Tasks */,
				3EB328BD2884605A00FC4548 /* Timer */,
			);
			path = Views;
			sourceTree = "<group>";
		};
		3EB328BC2884605100FC4548 /* Tasks */ = {
			isa = PBXGroup;
			children = (
				3EB328BA28844D1100FC4548 /* TasksView.swift */,
				3EB328BE2884606600FC4548 /* TaskCellView.swift */,
			);
			path = Tasks;
			sourceTree = "<group>";
		};
		3EB328BD2884605A00FC4548 /* Timer */ = {
			isa = PBXGroup;
			children = (
				3EB328B828844D0600FC4548 /* TimerView.swift */,
				3EA2B77B288C6F93008A0852 /* PickingTimeView.swift */,
				3E88E73B28874DDF0041173A /* HistoryTimerListView.swift */,
			);
			path = Timer;
			sourceTree = "<group>";
		};
		3ECFC7A928A69C760035EB77 /* Settings */ = {
			isa = PBXGroup;
			children = (
				3EBD7F96289DF4AB00E4353C /* SettingsView.swift */,
				3EA2B779288B1994008A0852 /* ColorSettingView.swift */,
				3EBD7F98289E04C300E4353C /* FontDesignSettingView.swift */,
			);
			path = Settings;
			sourceTree = "<group>";
		};
		3ECFC7AA28A69C860035EB77 /* Charts */ = {
			isa = PBXGroup;
			children = (
				3E0537B4289182F1004570D4 /* HistoryBarChart.swift */,
			);
			path = Charts;
			sourceTree = "<group>";
		};
		3EE8E158287522C6008AB34E = {
			isa = PBXGroup;
			children = (
				3EE8E163287522C6008AB34E /* iJustFocus */,
				3EE8E162287522C6008AB34E /* Products */,
			);
			sourceTree = "<group>";
		};
		3EE8E162287522C6008AB34E /* Products */ = {
			isa = PBXGroup;
			children = (
				3EE8E161287522C6008AB34E /* iJustFocus.app */,
			);
			name = Products;
			sourceTree = "<group>";
		};
		3EE8E163287522C6008AB34E /* iJustFocus */ = {
			isa = PBXGroup;
			children = (
				3EE8E164287522C6008AB34E /* iJustFocusApp.swift */,
				3EE8E166287522C6008AB34E /* ContentView.swift */,
				3E88E739288748FE0041173A /* HomeView.swift */,
				3E88E748288876220041173A /* ViewModels */,
				3E88E749288876370041173A /* Views */,
				3E88E73F288751200041173A /* Controllers */,
				3E88E7472888760D0041173A /* Extensions */,
				3E88E7402887515E0041173A /* Main.xcdatamodeld */,
				3EE8E168287522C7008AB34E /* Assets.xcassets */,
				3EE8E16A287522C7008AB34E /* Preview Content */,
			);
			path = iJustFocus;
			sourceTree = "<group>";
		};
		3EE8E16A287522C7008AB34E /* Preview Content */ = {
			isa = PBXGroup;
			children = (
				3EE8E16B287522C7008AB34E /* Preview Assets.xcassets */,
			);
			path = "Preview Content";
			sourceTree = "<group>";
		};
/* End PBXGroup section */

/* Begin PBXNativeTarget section */
		3EE8E160287522C6008AB34E /* iJustFocus */ = {
			isa = PBXNativeTarget;
			buildConfigurationList = 3EE8E16F287522C7008AB34E /* Build configuration list for PBXNativeTarget "iJustFocus" */;
			buildPhases = (
				3EE8E15D287522C6008AB34E /* Sources */,
				3EE8E15E287522C6008AB34E /* Frameworks */,
				3EE8E15F287522C6008AB34E /* Resources */,
			);
			buildRules = (
			);
			dependencies = (
			);
			name = iJustFocus;
			productName = iJustFocus;
			productReference = 3EE8E161287522C6008AB34E /* iJustFocus.app */;
			productType = "com.apple.product-type.application";
		};
/* End PBXNativeTarget section */

/* Begin PBXProject section */
		3EE8E159287522C6008AB34E /* Project object */ = {
			isa = PBXProject;
			attributes = {
				BuildIndependentTargetsInParallel = 1;
				LastSwiftUpdateCheck = 1400;
				LastUpgradeCheck = 1400;
				TargetAttributes = {
					3EE8E160287522C6008AB34E = {
						CreatedOnToolsVersion = 14.0;
					};
				};
			};
			buildConfigurationList = 3EE8E15C287522C6008AB34E /* Build configuration list for PBXProject "iJustFocus" */;
			compatibilityVersion = "Xcode 14.0";
			developmentRegion = en;
			hasScannedForEncodings = 0;
			knownRegions = (
				en,
				Base,
			);
			mainGroup = 3EE8E158287522C6008AB34E;
			productRefGroup = 3EE8E162287522C6008AB34E /* Products */;
			projectDirPath = "";
			projectRoot = "";
			targets = (
				3EE8E160287522C6008AB34E /* iJustFocus */,
			);
		};
/* End PBXProject section */

/* Begin PBXResourcesBuildPhase section */
		3EE8E15F287522C6008AB34E /* Resources */ = {
			isa = PBXResourcesBuildPhase;
			buildActionMask = 2147483647;
			files = (
				3EE8E16C287522C7008AB34E /* Preview Assets.xcassets in Resources */,
				3EE8E169287522C7008AB34E /* Assets.xcassets in Resources */,
			);
			runOnlyForDeploymentPostprocessing = 0;
		};
/* End PBXResourcesBuildPhase section */

/* Begin PBXSourcesBuildPhase section */
		3EE8E15D287522C6008AB34E /* Sources */ = {
			isa = PBXSourcesBuildPhase;
			buildActionMask = 2147483647;
			files = (
				3E88E73C28874DDF0041173A /* HistoryTimerListView.swift in Sources */,
				3EA43060288898ED00AB687F /* Timing+Extension.swift in Sources */,
				3E88E73E2887511D0041173A /* DataController.swift in Sources */,
				3E88E7442887646E0041173A /* AppViewModel.swift in Sources */,
				3EB328B928844D0600FC4548 /* TimerView.swift in Sources */,
				3EE8E167287522C6008AB34E /* ContentView.swift in Sources */,
				3EE8E173287522E5008AB34E /* Background+Extension.swift in Sources */,
				3E88E7462887764B0041173A /* Tasking+Extension.swift in Sources */,
				3EBD7F97289DF4AB00E4353C /* SettingsView.swift in Sources */,
				3E0537B3288F3097004570D4 /* Color+Extension.swift in Sources */,
				3E88E73A288748FE0041173A /* HomeView.swift in Sources */,
				3EBD7F9B28A1833E00E4353C /* UserDefault+Extension.swift in Sources */,
				3EA2B77A288B1994008A0852 /* ColorSettingView.swift in Sources */,
				3EA2B77C288C6F93008A0852 /* PickingTimeView.swift in Sources */,
				3E0537B5289182F1004570D4 /* HistoryBarChart.swift in Sources */,
				3EB328BF2884606600FC4548 /* TaskCellView.swift in Sources */,
				3EB328BB28844D1100FC4548 /* TasksView.swift in Sources */,
				3E88E7422887515E0041173A /* Main.xcdatamodeld in Sources */,
				3EB328B528823A0900FC4548 /* Time+Extension.swift in Sources */,
				3EBD7F99289E04C300E4353C /* FontDesignSettingView.swift in Sources */,
				3EE8E17528752491008AB34E /* TimerViewModel.swift in Sources */,
				3EF3DD4D2884AF9200DA57DD /* TaskViewModel.swift in Sources */,
				3EE8E165287522C6008AB34E /* iJustFocusApp.swift in Sources */,
				3E0537B1288F0C7E004570D4 /* View+Extension.swift in Sources */,
				3EA430622888A66F00AB687F /* Date+Extension.swift in Sources */,
			);
			runOnlyForDeploymentPostprocessing = 0;
		};
/* End PBXSourcesBuildPhase section */

/* Begin XCBuildConfiguration section */
		3EE8E16D287522C7008AB34E /* Debug */ = {
			isa = XCBuildConfiguration;
			buildSettings = {
				ALWAYS_SEARCH_USER_PATHS = NO;
				CLANG_ANALYZER_NONNULL = YES;
				CLANG_ANALYZER_NUMBER_OBJECT_CONVERSION = YES_AGGRESSIVE;
				CLANG_CXX_LANGUAGE_STANDARD = "gnu++17";
				CLANG_ENABLE_MODULES = YES;
				CLANG_ENABLE_OBJC_ARC = YES;
				CLANG_ENABLE_OBJC_WEAK = YES;
				CLANG_WARN_BLOCK_CAPTURE_AUTORELEASING = YES;
				CLANG_WARN_BOOL_CONVERSION = YES;
				CLANG_WARN_COMMA = YES;
				CLANG_WARN_CONSTANT_CONVERSION = YES;
				CLANG_WARN_DEPRECATED_OBJC_IMPLEMENTATIONS = YES;
				CLANG_WARN_DIRECT_OBJC_ISA_USAGE = YES_ERROR;
				CLANG_WARN_DOCUMENTATION_COMMENTS = YES;
				CLANG_WARN_EMPTY_BODY = YES;
				CLANG_WARN_ENUM_CONVERSION = YES;
				CLANG_WARN_INFINITE_RECURSION = YES;
				CLANG_WARN_INT_CONVERSION = YES;
				CLANG_WARN_NON_LITERAL_NULL_CONVERSION = YES;
				CLANG_WARN_OBJC_IMPLICIT_RETAIN_SELF = YES;
				CLANG_WARN_OBJC_LITERAL_CONVERSION = YES;
				CLANG_WARN_OBJC_ROOT_CLASS = YES_ERROR;
				CLANG_WARN_QUOTED_INCLUDE_IN_FRAMEWORK_HEADER = YES;
				CLANG_WARN_RANGE_LOOP_ANALYSIS = YES;
				CLANG_WARN_STRICT_PROTOTYPES = YES;
				CLANG_WARN_SUSPICIOUS_MOVE = YES;
				CLANG_WARN_UNGUARDED_AVAILABILITY = YES_AGGRESSIVE;
				CLANG_WARN_UNREACHABLE_CODE = YES;
				CLANG_WARN__DUPLICATE_METHOD_MATCH = YES;
				COPY_PHASE_STRIP = NO;
				DEBUG_INFORMATION_FORMAT = dwarf;
				ENABLE_STRICT_OBJC_MSGSEND = YES;
				ENABLE_TESTABILITY = YES;
				GCC_C_LANGUAGE_STANDARD = gnu11;
				GCC_DYNAMIC_NO_PIC = NO;
				GCC_NO_COMMON_BLOCKS = YES;
				GCC_OPTIMIZATION_LEVEL = 0;
				GCC_PREPROCESSOR_DEFINITIONS = (
					"DEBUG=1",
					"$(inherited)",
				);
				GCC_WARN_64_TO_32_BIT_CONVERSION = YES;
				GCC_WARN_ABOUT_RETURN_TYPE = YES_ERROR;
				GCC_WARN_UNDECLARED_SELECTOR = YES;
				GCC_WARN_UNINITIALIZED_AUTOS = YES_AGGRESSIVE;
				GCC_WARN_UNUSED_FUNCTION = YES;
				GCC_WARN_UNUSED_VARIABLE = YES;
				IPHONEOS_DEPLOYMENT_TARGET = 16.0;
				MTL_ENABLE_DEBUG_INFO = INCLUDE_SOURCE;
				MTL_FAST_MATH = YES;
				ONLY_ACTIVE_ARCH = YES;
				SDKROOT = iphoneos;
				SWIFT_ACTIVE_COMPILATION_CONDITIONS = DEBUG;
				SWIFT_OPTIMIZATION_LEVEL = "-Onone";
			};
			name = Debug;
		};
		3EE8E16E287522C7008AB34E /* Release */ = {
			isa = XCBuildConfiguration;
			buildSettings = {
				ALWAYS_SEARCH_USER_PATHS = NO;
				CLANG_ANALYZER_NONNULL = YES;
				CLANG_ANALYZER_NUMBER_OBJECT_CONVERSION = YES_AGGRESSIVE;
				CLANG_CXX_LANGUAGE_STANDARD = "gnu++17";
				CLANG_ENABLE_MODULES = YES;
				CLANG_ENABLE_OBJC_ARC = YES;
				CLANG_ENABLE_OBJC_WEAK = YES;
				CLANG_WARN_BLOCK_CAPTURE_AUTORELEASING = YES;
				CLANG_WARN_BOOL_CONVERSION = YES;
				CLANG_WARN_COMMA = YES;
				CLANG_WARN_CONSTANT_CONVERSION = YES;
				CLANG_WARN_DEPRECATED_OBJC_IMPLEMENTATIONS = YES;
				CLANG_WARN_DIRECT_OBJC_ISA_USAGE = YES_ERROR;
				CLANG_WARN_DOCUMENTATION_COMMENTS = YES;
				CLANG_WARN_EMPTY_BODY = YES;
				CLANG_WARN_ENUM_CONVERSION = YES;
				CLANG_WARN_INFINITE_RECURSION = YES;
				CLANG_WARN_INT_CONVERSION = YES;
				CLANG_WARN_NON_LITERAL_NULL_CONVERSION = YES;
				CLANG_WARN_OBJC_IMPLICIT_RETAIN_SELF = YES;
				CLANG_WARN_OBJC_LITERAL_CONVERSION = YES;
				CLANG_WARN_OBJC_ROOT_CLASS = YES_ERROR;
				CLANG_WARN_QUOTED_INCLUDE_IN_FRAMEWORK_HEADER = YES;
				CLANG_WARN_RANGE_LOOP_ANALYSIS = YES;
				CLANG_WARN_STRICT_PROTOTYPES = YES;
				CLANG_WARN_SUSPICIOUS_MOVE = YES;
				CLANG_WARN_UNGUARDED_AVAILABILITY = YES_AGGRESSIVE;
				CLANG_WARN_UNREACHABLE_CODE = YES;
				CLANG_WARN__DUPLICATE_METHOD_MATCH = YES;
				COPY_PHASE_STRIP = NO;
				DEBUG_INFORMATION_FORMAT = "dwarf-with-dsym";
				ENABLE_NS_ASSERTIONS = NO;
				ENABLE_STRICT_OBJC_MSGSEND = YES;
				GCC_C_LANGUAGE_STANDARD = gnu11;
				GCC_NO_COMMON_BLOCKS = YES;
				GCC_WARN_64_TO_32_BIT_CONVERSION = YES;
				GCC_WARN_ABOUT_RETURN_TYPE = YES_ERROR;
				GCC_WARN_UNDECLARED_SELECTOR = YES;
				GCC_WARN_UNINITIALIZED_AUTOS = YES_AGGRESSIVE;
				GCC_WARN_UNUSED_FUNCTION = YES;
				GCC_WARN_UNUSED_VARIABLE = YES;
				IPHONEOS_DEPLOYMENT_TARGET = 16.0;
				MTL_ENABLE_DEBUG_INFO = NO;
				MTL_FAST_MATH = YES;
				SDKROOT = iphoneos;
				SWIFT_COMPILATION_MODE = wholemodule;
				SWIFT_OPTIMIZATION_LEVEL = "-O";
				VALIDATE_PRODUCT = YES;
			};
			name = Release;
		};
		3EE8E170287522C7008AB34E /* Debug */ = {
			isa = XCBuildConfiguration;
			buildSettings = {
				ASSETCATALOG_COMPILER_APPICON_NAME = AppIcon;
				ASSETCATALOG_COMPILER_GLOBAL_ACCENT_COLOR_NAME = AccentColor;
				CODE_SIGN_STYLE = Automatic;
				CURRENT_PROJECT_VERSION = 1;
				DEVELOPMENT_ASSET_PATHS = "\"iJustFocus/Preview Content\"";
				DEVELOPMENT_TEAM = B6LXP9JCNK;
				ENABLE_PREVIEWS = YES;
				GENERATE_INFOPLIST_FILE = YES;
				INFOPLIST_KEY_UIApplicationSceneManifest_Generation = YES;
				INFOPLIST_KEY_UIApplicationSupportsIndirectInputEvents = YES;
				INFOPLIST_KEY_UILaunchScreen_Generation = YES;
				INFOPLIST_KEY_UISupportedInterfaceOrientations_iPad = "UIInterfaceOrientationPortrait UIInterfaceOrientationPortraitUpsideDown UIInterfaceOrientationLandscapeLeft UIInterfaceOrientationLandscapeRight";
				INFOPLIST_KEY_UISupportedInterfaceOrientations_iPhone = "UIInterfaceOrientationPortrait UIInterfaceOrientationLandscapeLeft UIInterfaceOrientationLandscapeRight";
				LD_RUNPATH_SEARCH_PATHS = (
					"$(inherited)",
					"@executable_path/Frameworks",
				);
				MARKETING_VERSION = 1.0;
				PRODUCT_BUNDLE_IDENTIFIER = com.HuyOng.iJustFocus;
				PRODUCT_NAME = "$(TARGET_NAME)";
				SWIFT_EMIT_LOC_STRINGS = YES;
				SWIFT_VERSION = 5.0;
				TARGETED_DEVICE_FAMILY = "1,2";
			};
			name = Debug;
		};
		3EE8E171287522C7008AB34E /* Release */ = {
			isa = XCBuildConfiguration;
			buildSettings = {
				ASSETCATALOG_COMPILER_APPICON_NAME = AppIcon;
				ASSETCATALOG_COMPILER_GLOBAL_ACCENT_COLOR_NAME = AccentColor;
				CODE_SIGN_STYLE = Automatic;
				CURRENT_PROJECT_VERSION = 1;
				DEVELOPMENT_ASSET_PATHS = "\"iJustFocus/Preview Content\"";
				DEVELOPMENT_TEAM = B6LXP9JCNK;
				ENABLE_PREVIEWS = YES;
				GENERATE_INFOPLIST_FILE = YES;
				INFOPLIST_KEY_UIApplicationSceneManifest_Generation = YES;
				INFOPLIST_KEY_UIApplicationSupportsIndirectInputEvents = YES;
				INFOPLIST_KEY_UILaunchScreen_Generation = YES;
				INFOPLIST_KEY_UISupportedInterfaceOrientations_iPad = "UIInterfaceOrientationPortrait UIInterfaceOrientationPortraitUpsideDown UIInterfaceOrientationLandscapeLeft UIInterfaceOrientationLandscapeRight";
				INFOPLIST_KEY_UISupportedInterfaceOrientations_iPhone = "UIInterfaceOrientationPortrait UIInterfaceOrientationLandscapeLeft UIInterfaceOrientationLandscapeRight";
				LD_RUNPATH_SEARCH_PATHS = (
					"$(inherited)",
					"@executable_path/Frameworks",
				);
				MARKETING_VERSION = 1.0;
				PRODUCT_BUNDLE_IDENTIFIER = com.HuyOng.iJustFocus;
				PRODUCT_NAME = "$(TARGET_NAME)";
				SWIFT_EMIT_LOC_STRINGS = YES;
				SWIFT_VERSION = 5.0;
				TARGETED_DEVICE_FAMILY = "1,2";
			};
			name = Release;
		};
/* End XCBuildConfiguration section */

/* Begin XCConfigurationList section */
		3EE8E15C287522C6008AB34E /* Build configuration list for PBXProject "iJustFocus" */ = {
			isa = XCConfigurationList;
			buildConfigurations = (
				3EE8E16D287522C7008AB34E /* Debug */,
				3EE8E16E287522C7008AB34E /* Release */,
			);
			defaultConfigurationIsVisible = 0;
			defaultConfigurationName = Release;
		};
		3EE8E16F287522C7008AB34E /* Build configuration list for PBXNativeTarget "iJustFocus" */ = {
			isa = XCConfigurationList;
			buildConfigurations = (
				3EE8E170287522C7008AB34E /* Debug */,
				3EE8E171287522C7008AB34E /* Release */,
			);
			defaultConfigurationIsVisible = 0;
			defaultConfigurationName = Release;
		};
/* End XCConfigurationList section */

/* Begin XCVersionGroup section */
		3E88E7402887515E0041173A /* Main.xcdatamodeld */ = {
			isa = XCVersionGroup;
			children = (
				3E88E7412887515E0041173A /* Main.xcdatamodel */,
			);
			currentVersion = 3E88E7412887515E0041173A /* Main.xcdatamodel */;
			path = Main.xcdatamodeld;
			sourceTree = "<group>";
			versionGroupType = wrapper.xcdatamodel;
		};
/* End XCVersionGroup section */
	};
	rootObject = 3EE8E159287522C6008AB34E /* Project object */;
}
