// !$*UTF8*$!
{
	archiveVersion = 1;
	classes = {
	};
	objectVersion = 56;
	objects = {

/* Begin PBXBuildFile section */
		3E0537B1288F0C7E004570D4 /* View+Extension.swift in Sources */ = {isa = PBXBuildFile; fileRef = 3E0537B0288F0C7E004570D4 /* View+Extension.swift */; };
		3E0537B3288F3097004570D4 /* Color+Extension.swift in Sources */ = {isa = PBXBuildFile; fileRef = 3E0537B2288F3097004570D4 /* Color+Extension.swift */; };
		3E0537B5289182F1004570D4 /* HistoryBarChart.swift in Sources */ = {isa = PBXBuildFile; fileRef = 3E0537B4289182F1004570D4 /* HistoryBarChart.swift */; };
		3E1F777828AAC30800B2867D /* Button+Extension.swift in Sources */ = {isa = PBXBuildFile; fileRef = 3E1F777728AAC30800B2867D /* Button+Extension.swift */; };
		3E2739EE28B481B90093B827 /* SetGoalView.swift in Sources */ = {isa = PBXBuildFile; fileRef = 3E2739ED28B481B90093B827 /* SetGoalView.swift */; };
		3E2739F228B48E2D0093B827 /* ShowGestureGuideView.swift in Sources */ = {isa = PBXBuildFile; fileRef = 3E2739F128B48E2D0093B827 /* ShowGestureGuideView.swift */; };
		3E88E73A288748FE0041173A /* HomeView.swift in Sources */ = {isa = PBXBuildFile; fileRef = 3E88E739288748FE0041173A /* HomeView.swift */; };
		3E88E73C28874DDF0041173A /* HistoryTimerListView.swift in Sources */ = {isa = PBXBuildFile; fileRef = 3E88E73B28874DDF0041173A /* HistoryTimerListView.swift */; };
		3E88E73E2887511D0041173A /* DataController.swift in Sources */ = {isa = PBXBuildFile; fileRef = 3E88E73D2887511D0041173A /* DataController.swift */; };
		3E88E7422887515E0041173A /* Main.xcdatamodeld in Sources */ = {isa = PBXBuildFile; fileRef = 3E88E7402887515E0041173A /* Main.xcdatamodeld */; };
		3E88E7442887646E0041173A /* AppViewModel.swift in Sources */ = {isa = PBXBuildFile; fileRef = 3E88E7432887646E0041173A /* AppViewModel.swift */; };
		3E88E7462887764B0041173A /* Tasking+Extension.swift in Sources */ = {isa = PBXBuildFile; fileRef = 3E88E7452887764B0041173A /* Tasking+Extension.swift */; };
		3E9AEFC928C2510D00E6D759 /* UnusedCode.swift in Sources */ = {isa = PBXBuildFile; fileRef = 3E9AEFC828C2510D00E6D759 /* UnusedCode.swift */; };
		3EA2B77A288B1994008A0852 /* ColorSettingView.swift in Sources */ = {isa = PBXBuildFile; fileRef = 3EA2B779288B1994008A0852 /* ColorSettingView.swift */; };
		3EA2B77C288C6F93008A0852 /* PickingTimeView.swift in Sources */ = {isa = PBXBuildFile; fileRef = 3EA2B77B288C6F93008A0852 /* PickingTimeView.swift */; };
		3EA43060288898ED00AB687F /* Timing+Extension.swift in Sources */ = {isa = PBXBuildFile; fileRef = 3EA4305F288898ED00AB687F /* Timing+Extension.swift */; };
		3EA430622888A66F00AB687F /* Date+Extension.swift in Sources */ = {isa = PBXBuildFile; fileRef = 3EA430612888A66F00AB687F /* Date+Extension.swift */; };
		3EAEA84028AC105D000B6444 /* ImagePickerView.swift in Sources */ = {isa = PBXBuildFile; fileRef = 3EAEA83F28AC105D000B6444 /* ImagePickerView.swift */; };
		3EB328B528823A0900FC4548 /* Time+Extension.swift in Sources */ = {isa = PBXBuildFile; fileRef = 3EB328B428823A0900FC4548 /* Time+Extension.swift */; };
		3EB328B928844D0600FC4548 /* TimerView.swift in Sources */ = {isa = PBXBuildFile; fileRef = 3EB328B828844D0600FC4548 /* TimerView.swift */; };
		3EB328BB28844D1100FC4548 /* TasksView.swift in Sources */ = {isa = PBXBuildFile; fileRef = 3EB328BA28844D1100FC4548 /* TasksView.swift */; };
		3EBD7F97289DF4AB00E4353C /* SettingsView.swift in Sources */ = {isa = PBXBuildFile; fileRef = 3EBD7F96289DF4AB00E4353C /* SettingsView.swift */; };
		3EBD7F99289E04C300E4353C /* FontDesignSettingView.swift in Sources */ = {isa = PBXBuildFile; fileRef = 3EBD7F98289E04C300E4353C /* FontDesignSettingView.swift */; };
		3EBD7F9B28A1833E00E4353C /* UserDefault+Extension.swift in Sources */ = {isa = PBXBuildFile; fileRef = 3EBD7F9A28A1833E00E4353C /* UserDefault+Extension.swift */; };
		3EDE818928AEAE5600CC99AD /* MenuButton.swift in Sources */ = {isa = PBXBuildFile; fileRef = 3EDE818828AEAE5600CC99AD /* MenuButton.swift */; };
		3EDE818B28AEB10400CC99AD /* TimerBackgroundSettingView.swift in Sources */ = {isa = PBXBuildFile; fileRef = 3EDE818A28AEB10400CC99AD /* TimerBackgroundSettingView.swift */; };
		3EE8E165287522C6008AB34E /* iJustFocusApp.swift in Sources */ = {isa = PBXBuildFile; fileRef = 3EE8E164287522C6008AB34E /* iJustFocusApp.swift */; };
		3EE8E167287522C6008AB34E /* ContentView.swift in Sources */ = {isa = PBXBuildFile; fileRef = 3EE8E166287522C6008AB34E /* ContentView.swift */; };
		3EE8E169287522C7008AB34E /* Assets.xcassets in Resources */ = {isa = PBXBuildFile; fileRef = 3EE8E168287522C7008AB34E /* Assets.xcassets */; };
		3EE8E16C287522C7008AB34E /* Preview Assets.xcassets in Resources */ = {isa = PBXBuildFile; fileRef = 3EE8E16B287522C7008AB34E /* Preview Assets.xcassets */; };
		3EE8E173287522E5008AB34E /* Background+Extension.swift in Sources */ = {isa = PBXBuildFile; fileRef = 3EE8E172287522E5008AB34E /* Background+Extension.swift */; };
		3EE8E17528752491008AB34E /* TimerViewModel.swift in Sources */ = {isa = PBXBuildFile; fileRef = 3EE8E17428752491008AB34E /* TimerViewModel.swift */; };
		3EF3DD4D2884AF9200DA57DD /* TaskViewModel.swift in Sources */ = {isa = PBXBuildFile; fileRef = 3EF3DD4C2884AF9200DA57DD /* TaskViewModel.swift */; };
		5926DA5829BF814600A40425 /* KeyboardAwareModifier.swift in Sources */ = {isa = PBXBuildFile; fileRef = 5926DA5729BF814600A40425 /* KeyboardAwareModifier.swift */; };
		5926DA5B29BFA20800A40425 /* CalendarView.swift in Sources */ = {isa = PBXBuildFile; fileRef = 5926DA5A29BFA20800A40425 /* CalendarView.swift */; };
		5928406E29BBE701007DB75A /* TaskDetailView.swift in Sources */ = {isa = PBXBuildFile; fileRef = 5928406D29BBE701007DB75A /* TaskDetailView.swift */; };
		59706BAC29D7E4030069D15A /* WidgetKit.framework in Frameworks */ = {isa = PBXBuildFile; fileRef = 59706BAB29D7E4030069D15A /* WidgetKit.framework */; };
		59706BAE29D7E4030069D15A /* SwiftUI.framework in Frameworks */ = {isa = PBXBuildFile; fileRef = 59706BAD29D7E4030069D15A /* SwiftUI.framework */; };
		59706BB129D7E4030069D15A /* iJustFocusWidgetExtensionBundle.swift in Sources */ = {isa = PBXBuildFile; fileRef = 59706BB029D7E4030069D15A /* iJustFocusWidgetExtensionBundle.swift */; };
		59706BB329D7E4030069D15A /* iJustFocusWidgetExtensionLiveActivity.swift in Sources */ = {isa = PBXBuildFile; fileRef = 59706BB229D7E4030069D15A /* iJustFocusWidgetExtensionLiveActivity.swift */; };
		59706BB529D7E4030069D15A /* iJustFocusWidgetExtension.swift in Sources */ = {isa = PBXBuildFile; fileRef = 59706BB429D7E4030069D15A /* iJustFocusWidgetExtension.swift */; };
		59706BB829D7E4040069D15A /* Assets.xcassets in Resources */ = {isa = PBXBuildFile; fileRef = 59706BB729D7E4040069D15A /* Assets.xcassets */; };
		59706BBA29D7E4040069D15A /* iJustFocusWidgetExtension.intentdefinition in Sources */ = {isa = PBXBuildFile; fileRef = 59706BB629D7E4030069D15A /* iJustFocusWidgetExtension.intentdefinition */; };
		59706BBB29D7E4040069D15A /* iJustFocusWidgetExtension.intentdefinition in Sources */ = {isa = PBXBuildFile; fileRef = 59706BB629D7E4030069D15A /* iJustFocusWidgetExtension.intentdefinition */; };
		59706BBE29D7E4040069D15A /* iJustFocusWidgetExtensionExtension.appex in Embed Foundation Extensions */ = {isa = PBXBuildFile; fileRef = 59706BA929D7E4030069D15A /* iJustFocusWidgetExtensionExtension.appex */; settings = {ATTRIBUTES = (RemoveHeadersOnCopy, ); }; };
		59706BC329D7E6120069D15A /* Main.xcdatamodeld in Sources */ = {isa = PBXBuildFile; fileRef = 3E88E7402887515E0041173A /* Main.xcdatamodeld */; };
		5972BAF029DCE087001FD4D2 /* SplitContentView.swift in Sources */ = {isa = PBXBuildFile; fileRef = 5972BAEF29DCE087001FD4D2 /* SplitContentView.swift */; };
		59BF90AE29BFF39A00A3EC0E /* AddTaskButton.swift in Sources */ = {isa = PBXBuildFile; fileRef = 59BF90AD29BFF39A00A3EC0E /* AddTaskButton.swift */; };
		59BF90B029BFF47100A3EC0E /* HapticFeedBack.swift in Sources */ = {isa = PBXBuildFile; fileRef = 59BF90AF29BFF47100A3EC0E /* HapticFeedBack.swift */; };
		59BF90B229BFF87100A3EC0E /* TaskRowView.swift in Sources */ = {isa = PBXBuildFile; fileRef = 59BF90B129BFF87100A3EC0E /* TaskRowView.swift */; };
		59CA852A29DBD07B00248697 /* CalendarUIKit.swift in Sources */ = {isa = PBXBuildFile; fileRef = 59CA852929DBD07B00248697 /* CalendarUIKit.swift */; };
/* End PBXBuildFile section */

/* Begin PBXContainerItemProxy section */
		59706BBC29D7E4040069D15A /* PBXContainerItemProxy */ = {
			isa = PBXContainerItemProxy;
			containerPortal = 3EE8E159287522C6008AB34E /* Project object */;
			proxyType = 1;
			remoteGlobalIDString = 59706BA829D7E4030069D15A;
			remoteInfo = iJustFocusWidgetExtensionExtension;
		};
/* End PBXContainerItemProxy section */

/* Begin PBXCopyFilesBuildPhase section */
		59706BBF29D7E4040069D15A /* Embed Foundation Extensions */ = {
			isa = PBXCopyFilesBuildPhase;
			buildActionMask = 2147483647;
			dstPath = "";
			dstSubfolderSpec = 13;
			files = (
				59706BBE29D7E4040069D15A /* iJustFocusWidgetExtensionExtension.appex in Embed Foundation Extensions */,
			);
			name = "Embed Foundation Extensions";
			runOnlyForDeploymentPostprocessing = 0;
		};
/* End PBXCopyFilesBuildPhase section */

/* Begin PBXFileReference section */
		3E0537B0288F0C7E004570D4 /* View+Extension.swift */ = {isa = PBXFileReference; lastKnownFileType = sourcecode.swift; path = "View+Extension.swift"; sourceTree = "<group>"; };
		3E0537B2288F3097004570D4 /* Color+Extension.swift */ = {isa = PBXFileReference; lastKnownFileType = sourcecode.swift; path = "Color+Extension.swift"; sourceTree = "<group>"; };
		3E0537B4289182F1004570D4 /* HistoryBarChart.swift */ = {isa = PBXFileReference; lastKnownFileType = sourcecode.swift; path = HistoryBarChart.swift; sourceTree = "<group>"; };
		3E1F777728AAC30800B2867D /* Button+Extension.swift */ = {isa = PBXFileReference; lastKnownFileType = sourcecode.swift; path = "Button+Extension.swift"; sourceTree = "<group>"; };
		3E2739ED28B481B90093B827 /* SetGoalView.swift */ = {isa = PBXFileReference; lastKnownFileType = sourcecode.swift; path = SetGoalView.swift; sourceTree = "<group>"; };
		3E2739F128B48E2D0093B827 /* ShowGestureGuideView.swift */ = {isa = PBXFileReference; lastKnownFileType = sourcecode.swift; path = ShowGestureGuideView.swift; sourceTree = "<group>"; };
		3E736E7128D372C100B50E70 /* stop_sound.m4a */ = {isa = PBXFileReference; lastKnownFileType = file; path = stop_sound.m4a; sourceTree = "<group>"; };
		3E88E739288748FE0041173A /* HomeView.swift */ = {isa = PBXFileReference; lastKnownFileType = sourcecode.swift; path = HomeView.swift; sourceTree = "<group>"; };
		3E88E73B28874DDF0041173A /* HistoryTimerListView.swift */ = {isa = PBXFileReference; lastKnownFileType = sourcecode.swift; path = HistoryTimerListView.swift; sourceTree = "<group>"; };
		3E88E73D2887511D0041173A /* DataController.swift */ = {isa = PBXFileReference; lastKnownFileType = sourcecode.swift; path = DataController.swift; sourceTree = "<group>"; };
		3E88E7412887515E0041173A /* Main.xcdatamodel */ = {isa = PBXFileReference; lastKnownFileType = wrapper.xcdatamodel; path = Main.xcdatamodel; sourceTree = "<group>"; };
		3E88E7432887646E0041173A /* AppViewModel.swift */ = {isa = PBXFileReference; lastKnownFileType = sourcecode.swift; path = AppViewModel.swift; sourceTree = "<group>"; };
		3E88E7452887764B0041173A /* Tasking+Extension.swift */ = {isa = PBXFileReference; lastKnownFileType = sourcecode.swift; path = "Tasking+Extension.swift"; sourceTree = "<group>"; };
		3E9AEFC828C2510D00E6D759 /* UnusedCode.swift */ = {isa = PBXFileReference; lastKnownFileType = sourcecode.swift; path = UnusedCode.swift; sourceTree = "<group>"; };
		3EA2B779288B1994008A0852 /* ColorSettingView.swift */ = {isa = PBXFileReference; lastKnownFileType = sourcecode.swift; path = ColorSettingView.swift; sourceTree = "<group>"; };
		3EA2B77B288C6F93008A0852 /* PickingTimeView.swift */ = {isa = PBXFileReference; lastKnownFileType = sourcecode.swift; path = PickingTimeView.swift; sourceTree = "<group>"; };
		3EA4305F288898ED00AB687F /* Timing+Extension.swift */ = {isa = PBXFileReference; lastKnownFileType = sourcecode.swift; path = "Timing+Extension.swift"; sourceTree = "<group>"; };
		3EA430612888A66F00AB687F /* Date+Extension.swift */ = {isa = PBXFileReference; lastKnownFileType = sourcecode.swift; path = "Date+Extension.swift"; sourceTree = "<group>"; };
		3EAEA83F28AC105D000B6444 /* ImagePickerView.swift */ = {isa = PBXFileReference; lastKnownFileType = sourcecode.swift; path = ImagePickerView.swift; sourceTree = "<group>"; };
		3EB2931028D0F05B004F26BE /* Info.plist */ = {isa = PBXFileReference; lastKnownFileType = text.plist; path = Info.plist; sourceTree = "<group>"; };
		3EB328B428823A0900FC4548 /* Time+Extension.swift */ = {isa = PBXFileReference; lastKnownFileType = sourcecode.swift; path = "Time+Extension.swift"; sourceTree = "<group>"; };
		3EB328B828844D0600FC4548 /* TimerView.swift */ = {isa = PBXFileReference; lastKnownFileType = sourcecode.swift; path = TimerView.swift; sourceTree = "<group>"; };
		3EB328BA28844D1100FC4548 /* TasksView.swift */ = {isa = PBXFileReference; lastKnownFileType = sourcecode.swift; path = TasksView.swift; sourceTree = "<group>"; };
		3EBD7F96289DF4AB00E4353C /* SettingsView.swift */ = {isa = PBXFileReference; lastKnownFileType = sourcecode.swift; path = SettingsView.swift; sourceTree = "<group>"; };
		3EBD7F98289E04C300E4353C /* FontDesignSettingView.swift */ = {isa = PBXFileReference; lastKnownFileType = sourcecode.swift; path = FontDesignSettingView.swift; sourceTree = "<group>"; };
		3EBD7F9A28A1833E00E4353C /* UserDefault+Extension.swift */ = {isa = PBXFileReference; lastKnownFileType = sourcecode.swift; path = "UserDefault+Extension.swift"; sourceTree = "<group>"; };
		3EDE818828AEAE5600CC99AD /* MenuButton.swift */ = {isa = PBXFileReference; lastKnownFileType = sourcecode.swift; path = MenuButton.swift; sourceTree = "<group>"; };
		3EDE818A28AEB10400CC99AD /* TimerBackgroundSettingView.swift */ = {isa = PBXFileReference; lastKnownFileType = sourcecode.swift; path = TimerBackgroundSettingView.swift; sourceTree = "<group>"; };
		3EE8E161287522C6008AB34E /* iJustFocus.app */ = {isa = PBXFileReference; explicitFileType = wrapper.application; includeInIndex = 0; path = iJustFocus.app; sourceTree = BUILT_PRODUCTS_DIR; };
		3EE8E164287522C6008AB34E /* iJustFocusApp.swift */ = {isa = PBXFileReference; lastKnownFileType = sourcecode.swift; path = iJustFocusApp.swift; sourceTree = "<group>"; };
		3EE8E166287522C6008AB34E /* ContentView.swift */ = {isa = PBXFileReference; lastKnownFileType = sourcecode.swift; path = ContentView.swift; sourceTree = "<group>"; };
		3EE8E168287522C7008AB34E /* Assets.xcassets */ = {isa = PBXFileReference; lastKnownFileType = folder.assetcatalog; path = Assets.xcassets; sourceTree = "<group>"; };
		3EE8E16B287522C7008AB34E /* Preview Assets.xcassets */ = {isa = PBXFileReference; lastKnownFileType = folder.assetcatalog; path = "Preview Assets.xcassets"; sourceTree = "<group>"; };
		3EE8E172287522E5008AB34E /* Background+Extension.swift */ = {isa = PBXFileReference; lastKnownFileType = sourcecode.swift; path = "Background+Extension.swift"; sourceTree = "<group>"; };
		3EE8E17428752491008AB34E /* TimerViewModel.swift */ = {isa = PBXFileReference; lastKnownFileType = sourcecode.swift; path = TimerViewModel.swift; sourceTree = "<group>"; };
		3EF3DD4C2884AF9200DA57DD /* TaskViewModel.swift */ = {isa = PBXFileReference; lastKnownFileType = sourcecode.swift; path = TaskViewModel.swift; sourceTree = "<group>"; };
		5926DA5729BF814600A40425 /* KeyboardAwareModifier.swift */ = {isa = PBXFileReference; lastKnownFileType = sourcecode.swift; path = KeyboardAwareModifier.swift; sourceTree = "<group>"; };
		5926DA5A29BFA20800A40425 /* CalendarView.swift */ = {isa = PBXFileReference; lastKnownFileType = sourcecode.swift; path = CalendarView.swift; sourceTree = "<group>"; };
		5928406D29BBE701007DB75A /* TaskDetailView.swift */ = {isa = PBXFileReference; lastKnownFileType = sourcecode.swift; path = TaskDetailView.swift; sourceTree = "<group>"; };
		59706BA929D7E4030069D15A /* iJustFocusWidgetExtensionExtension.appex */ = {isa = PBXFileReference; explicitFileType = "wrapper.app-extension"; includeInIndex = 0; path = iJustFocusWidgetExtensionExtension.appex; sourceTree = BUILT_PRODUCTS_DIR; };
		59706BAB29D7E4030069D15A /* WidgetKit.framework */ = {isa = PBXFileReference; lastKnownFileType = wrapper.framework; name = WidgetKit.framework; path = System/Library/Frameworks/WidgetKit.framework; sourceTree = SDKROOT; };
		59706BAD29D7E4030069D15A /* SwiftUI.framework */ = {isa = PBXFileReference; lastKnownFileType = wrapper.framework; name = SwiftUI.framework; path = System/Library/Frameworks/SwiftUI.framework; sourceTree = SDKROOT; };
		59706BB029D7E4030069D15A /* iJustFocusWidgetExtensionBundle.swift */ = {isa = PBXFileReference; lastKnownFileType = sourcecode.swift; path = iJustFocusWidgetExtensionBundle.swift; sourceTree = "<group>"; };
		59706BB229D7E4030069D15A /* iJustFocusWidgetExtensionLiveActivity.swift */ = {isa = PBXFileReference; lastKnownFileType = sourcecode.swift; path = iJustFocusWidgetExtensionLiveActivity.swift; sourceTree = "<group>"; };
		59706BB429D7E4030069D15A /* iJustFocusWidgetExtension.swift */ = {isa = PBXFileReference; lastKnownFileType = sourcecode.swift; path = iJustFocusWidgetExtension.swift; sourceTree = "<group>"; };
		59706BB629D7E4030069D15A /* iJustFocusWidgetExtension.intentdefinition */ = {isa = PBXFileReference; lastKnownFileType = file.intentdefinition; path = iJustFocusWidgetExtension.intentdefinition; sourceTree = "<group>"; };
		59706BB729D7E4040069D15A /* Assets.xcassets */ = {isa = PBXFileReference; lastKnownFileType = folder.assetcatalog; path = Assets.xcassets; sourceTree = "<group>"; };
		59706BB929D7E4040069D15A /* Info.plist */ = {isa = PBXFileReference; lastKnownFileType = text.plist.xml; path = Info.plist; sourceTree = "<group>"; };
		59706BC429D7EE790069D15A /* iJustFocus.entitlements */ = {isa = PBXFileReference; lastKnownFileType = text.plist.entitlements; path = iJustFocus.entitlements; sourceTree = "<group>"; };
		5972BAEF29DCE087001FD4D2 /* SplitContentView.swift */ = {isa = PBXFileReference; lastKnownFileType = sourcecode.swift; path = SplitContentView.swift; sourceTree = "<group>"; };
		59BF90AD29BFF39A00A3EC0E /* AddTaskButton.swift */ = {isa = PBXFileReference; lastKnownFileType = sourcecode.swift; path = AddTaskButton.swift; sourceTree = "<group>"; };
		59BF90AF29BFF47100A3EC0E /* HapticFeedBack.swift */ = {isa = PBXFileReference; lastKnownFileType = sourcecode.swift; path = HapticFeedBack.swift; sourceTree = "<group>"; };
		59BF90B129BFF87100A3EC0E /* TaskRowView.swift */ = {isa = PBXFileReference; lastKnownFileType = sourcecode.swift; path = TaskRowView.swift; sourceTree = "<group>"; };
		59CA852929DBD07B00248697 /* CalendarUIKit.swift */ = {isa = PBXFileReference; lastKnownFileType = sourcecode.swift; path = CalendarUIKit.swift; sourceTree = "<group>"; };
/* End PBXFileReference section */

/* Begin PBXFrameworksBuildPhase section */
		3EE8E15E287522C6008AB34E /* Frameworks */ = {
			isa = PBXFrameworksBuildPhase;
			buildActionMask = 2147483647;
			files = (
			);
			runOnlyForDeploymentPostprocessing = 0;
		};
		59706BA629D7E4030069D15A /* Frameworks */ = {
			isa = PBXFrameworksBuildPhase;
			buildActionMask = 2147483647;
			files = (
				59706BAE29D7E4030069D15A /* SwiftUI.framework in Frameworks */,
				59706BAC29D7E4030069D15A /* WidgetKit.framework in Frameworks */,
			);
			runOnlyForDeploymentPostprocessing = 0;
		};
/* End PBXFrameworksBuildPhase section */

/* Begin PBXGroup section */
		3E736E7028D372AE00B50E70 /* Sounds */ = {
			isa = PBXGroup;
			children = (
				3E736E7128D372C100B50E70 /* stop_sound.m4a */,
			);
			path = Sounds;
			sourceTree = "<group>";
		};
		3E88E73F288751200041173A /* Controllers */ = {
			isa = PBXGroup;
			children = (
				3E88E73D2887511D0041173A /* DataController.swift */,
			);
			path = Controllers;
			sourceTree = "<group>";
		};
		3E88E7472888760D0041173A /* Extensions */ = {
			isa = PBXGroup;
			children = (
				3EE8E172287522E5008AB34E /* Background+Extension.swift */,
				3EB328B428823A0900FC4548 /* Time+Extension.swift */,
				3E88E7452887764B0041173A /* Tasking+Extension.swift */,
				3EA4305F288898ED00AB687F /* Timing+Extension.swift */,
				3EA430612888A66F00AB687F /* Date+Extension.swift */,
				3E0537B0288F0C7E004570D4 /* View+Extension.swift */,
				3E0537B2288F3097004570D4 /* Color+Extension.swift */,
				3EBD7F9A28A1833E00E4353C /* UserDefault+Extension.swift */,
				3E1F777728AAC30800B2867D /* Button+Extension.swift */,
				3E9AEFC828C2510D00E6D759 /* UnusedCode.swift */,
			);
			path = Extensions;
			sourceTree = "<group>";
		};
		3E88E748288876220041173A /* ViewModels */ = {
			isa = PBXGroup;
			children = (
				3EE8E17428752491008AB34E /* TimerViewModel.swift */,
				3EF3DD4C2884AF9200DA57DD /* TaskViewModel.swift */,
				3E88E7432887646E0041173A /* AppViewModel.swift */,
			);
			path = ViewModels;
			sourceTree = "<group>";
		};
		3E88E749288876370041173A /* Views */ = {
			isa = PBXGroup;
			children = (
				5926DA5929BFA1FE00A40425 /* Calendar */,
				5926DA5629BF813200A40425 /* Modifiers */,
				3EDE818728AEAE3D00CC99AD /* Helper Views */,
				3ECFC7AA28A69C860035EB77 /* Charts */,
				3ECFC7A928A69C760035EB77 /* Settings */,
				3EB328BC2884605100FC4548 /* Tasks */,
				3EB328BD2884605A00FC4548 /* Timer */,
			);
			path = Views;
			sourceTree = "<group>";
		};
		3EB328BC2884605100FC4548 /* Tasks */ = {
			isa = PBXGroup;
			children = (
				3EB328BA28844D1100FC4548 /* TasksView.swift */,
				59BF90AD29BFF39A00A3EC0E /* AddTaskButton.swift */,
				5928406D29BBE701007DB75A /* TaskDetailView.swift */,
				59BF90B129BFF87100A3EC0E /* TaskRowView.swift */,
			);
			path = Tasks;
			sourceTree = "<group>";
		};
		3EB328BD2884605A00FC4548 /* Timer */ = {
			isa = PBXGroup;
			children = (
				3EB328B828844D0600FC4548 /* TimerView.swift */,
				3EA2B77B288C6F93008A0852 /* PickingTimeView.swift */,
				3E88E73B28874DDF0041173A /* HistoryTimerListView.swift */,
			);
			path = Timer;
			sourceTree = "<group>";
		};
		3ECFC7A928A69C760035EB77 /* Settings */ = {
			isa = PBXGroup;
			children = (
				3EBD7F96289DF4AB00E4353C /* SettingsView.swift */,
				3EA2B779288B1994008A0852 /* ColorSettingView.swift */,
				3EBD7F98289E04C300E4353C /* FontDesignSettingView.swift */,
				3EDE818A28AEB10400CC99AD /* TimerBackgroundSettingView.swift */,
				3E2739ED28B481B90093B827 /* SetGoalView.swift */,
				3E2739F128B48E2D0093B827 /* ShowGestureGuideView.swift */,
			);
			path = Settings;
			sourceTree = "<group>";
		};
		3ECFC7AA28A69C860035EB77 /* Charts */ = {
			isa = PBXGroup;
			children = (
				3E0537B4289182F1004570D4 /* HistoryBarChart.swift */,
			);
			path = Charts;
			sourceTree = "<group>";
		};
		3EDE818728AEAE3D00CC99AD /* Helper Views */ = {
			isa = PBXGroup;
			children = (
				3EDE818828AEAE5600CC99AD /* MenuButton.swift */,
				59BF90AF29BFF47100A3EC0E /* HapticFeedBack.swift */,
			);
			path = "Helper Views";
			sourceTree = "<group>";
		};
		3EE8E158287522C6008AB34E = {
			isa = PBXGroup;
			children = (
				3EE8E163287522C6008AB34E /* iJustFocus */,
				59706BAF29D7E4030069D15A /* iJustFocusWidgetExtension */,
				59706BAA29D7E4030069D15A /* Frameworks */,
				3EE8E162287522C6008AB34E /* Products */,
			);
			sourceTree = "<group>";
		};
		3EE8E162287522C6008AB34E /* Products */ = {
			isa = PBXGroup;
			children = (
				3EE8E161287522C6008AB34E /* iJustFocus.app */,
				59706BA929D7E4030069D15A /* iJustFocusWidgetExtensionExtension.appex */,
			);
			name = Products;
			sourceTree = "<group>";
		};
		3EE8E163287522C6008AB34E /* iJustFocus */ = {
			isa = PBXGroup;
			children = (
				59706BC429D7EE790069D15A /* iJustFocus.entitlements */,
				3EB2931028D0F05B004F26BE /* Info.plist */,
				3EE8E164287522C6008AB34E /* iJustFocusApp.swift */,
				3EE8E166287522C6008AB34E /* ContentView.swift */,
				5972BAEF29DCE087001FD4D2 /* SplitContentView.swift */,
				3E88E739288748FE0041173A /* HomeView.swift */,
				3EAEA83F28AC105D000B6444 /* ImagePickerView.swift */,
				3E88E748288876220041173A /* ViewModels */,
				3E88E749288876370041173A /* Views */,
				3E88E73F288751200041173A /* Controllers */,
				3E88E7472888760D0041173A /* Extensions */,
				3E88E7402887515E0041173A /* Main.xcdatamodeld */,
				3EE8E168287522C7008AB34E /* Assets.xcassets */,
				3E736E7028D372AE00B50E70 /* Sounds */,
				3EE8E16A287522C7008AB34E /* Preview Content */,
			);
			path = iJustFocus;
			sourceTree = "<group>";
		};
		3EE8E16A287522C7008AB34E /* Preview Content */ = {
			isa = PBXGroup;
			children = (
				3EE8E16B287522C7008AB34E /* Preview Assets.xcassets */,
			);
			path = "Preview Content";
			sourceTree = "<group>";
		};
		5926DA5629BF813200A40425 /* Modifiers */ = {
			isa = PBXGroup;
			children = (
				5926DA5729BF814600A40425 /* KeyboardAwareModifier.swift */,
			);
			path = Modifiers;
			sourceTree = "<group>";
		};
		5926DA5929BFA1FE00A40425 /* Calendar */ = {
			isa = PBXGroup;
			children = (
				5926DA5A29BFA20800A40425 /* CalendarView.swift */,
				59CA852929DBD07B00248697 /* CalendarUIKit.swift */,
			);
			path = Calendar;
			sourceTree = "<group>";
		};
		59706BAA29D7E4030069D15A /* Frameworks */ = {
			isa = PBXGroup;
			children = (
				59706BAB29D7E4030069D15A /* WidgetKit.framework */,
				59706BAD29D7E4030069D15A /* SwiftUI.framework */,
			);
			name = Frameworks;
			sourceTree = "<group>";
		};
		59706BAF29D7E4030069D15A /* iJustFocusWidgetExtension */ = {
			isa = PBXGroup;
			children = (
				59706BB029D7E4030069D15A /* iJustFocusWidgetExtensionBundle.swift */,
				59706BB229D7E4030069D15A /* iJustFocusWidgetExtensionLiveActivity.swift */,
				59706BB429D7E4030069D15A /* iJustFocusWidgetExtension.swift */,
				59706BB629D7E4030069D15A /* iJustFocusWidgetExtension.intentdefinition */,
				59706BB729D7E4040069D15A /* Assets.xcassets */,
				59706BB929D7E4040069D15A /* Info.plist */,
			);
			path = iJustFocusWidgetExtension;
			sourceTree = "<group>";
		};
/* End PBXGroup section */

/* Begin PBXNativeTarget section */
		3EE8E160287522C6008AB34E /* iJustFocus */ = {
			isa = PBXNativeTarget;
			buildConfigurationList = 3EE8E16F287522C7008AB34E /* Build configuration list for PBXNativeTarget "iJustFocus" */;
			buildPhases = (
				3EE8E15D287522C6008AB34E /* Sources */,
				3EE8E15E287522C6008AB34E /* Frameworks */,
				3EE8E15F287522C6008AB34E /* Resources */,
				59706BBF29D7E4040069D15A /* Embed Foundation Extensions */,
			);
			buildRules = (
			);
			dependencies = (
				59706BBD29D7E4040069D15A /* PBXTargetDependency */,
			);
			name = iJustFocus;
			packageProductDependencies = (
			);
			productName = iJustFocus;
			productReference = 3EE8E161287522C6008AB34E /* iJustFocus.app */;
			productType = "com.apple.product-type.application";
		};
		59706BA829D7E4030069D15A /* iJustFocusWidgetExtensionExtension */ = {
			isa = PBXNativeTarget;
			buildConfigurationList = 59706BC229D7E4040069D15A /* Build configuration list for PBXNativeTarget "iJustFocusWidgetExtensionExtension" */;
			buildPhases = (
				59706BA529D7E4030069D15A /* Sources */,
				59706BA629D7E4030069D15A /* Frameworks */,
				59706BA729D7E4030069D15A /* Resources */,
			);
			buildRules = (
			);
			dependencies = (
			);
			name = iJustFocusWidgetExtensionExtension;
			productName = iJustFocusWidgetExtensionExtension;
			productReference = 59706BA929D7E4030069D15A /* iJustFocusWidgetExtensionExtension.appex */;
			productType = "com.apple.product-type.app-extension";
		};
/* End PBXNativeTarget section */

/* Begin PBXProject section */
		3EE8E159287522C6008AB34E /* Project object */ = {
			isa = PBXProject;
			attributes = {
				BuildIndependentTargetsInParallel = 1;
				LastSwiftUpdateCheck = 1420;
				LastUpgradeCheck = 1400;
				TargetAttributes = {
					3EE8E160287522C6008AB34E = {
						CreatedOnToolsVersion = 14.0;
					};
					59706BA829D7E4030069D15A = {
						CreatedOnToolsVersion = 14.2;
					};
				};
			};
			buildConfigurationList = 3EE8E15C287522C6008AB34E /* Build configuration list for PBXProject "iJustFocus" */;
			compatibilityVersion = "Xcode 14.0";
			developmentRegion = en;
			hasScannedForEncodings = 0;
			knownRegions = (
				en,
				Base,
			);
			mainGroup = 3EE8E158287522C6008AB34E;
			packageReferences = (
			);
			productRefGroup = 3EE8E162287522C6008AB34E /* Products */;
			projectDirPath = "";
			projectRoot = "";
			targets = (
				3EE8E160287522C6008AB34E /* iJustFocus */,
				59706BA829D7E4030069D15A /* iJustFocusWidgetExtensionExtension */,
			);
		};
/* End PBXProject section */

/* Begin PBXResourcesBuildPhase section */
		3EE8E15F287522C6008AB34E /* Resources */ = {
			isa = PBXResourcesBuildPhase;
			buildActionMask = 2147483647;
			files = (
				3EE8E16C287522C7008AB34E /* Preview Assets.xcassets in Resources */,
				3EE8E169287522C7008AB34E /* Assets.xcassets in Resources */,
			);
			runOnlyForDeploymentPostprocessing = 0;
		};
		59706BA729D7E4030069D15A /* Resources */ = {
			isa = PBXResourcesBuildPhase;
			buildActionMask = 2147483647;
			files = (
				59706BB829D7E4040069D15A /* Assets.xcassets in Resources */,
			);
			runOnlyForDeploymentPostprocessing = 0;
		};
/* End PBXResourcesBuildPhase section */

/* Begin PBXSourcesBuildPhase section */
		3EE8E15D287522C6008AB34E /* Sources */ = {
			isa = PBXSourcesBuildPhase;
			buildActionMask = 2147483647;
			files = (
				59CA852A29DBD07B00248697 /* CalendarUIKit.swift in Sources */,
				59BF90B229BFF87100A3EC0E /* TaskRowView.swift in Sources */,
				59706BBB29D7E4040069D15A /* iJustFocusWidgetExtension.intentdefinition in Sources */,
				5972BAF029DCE087001FD4D2 /* SplitContentView.swift in Sources */,
				3EDE818B28AEB10400CC99AD /* TimerBackgroundSettingView.swift in Sources */,
				3E88E73C28874DDF0041173A /* HistoryTimerListView.swift in Sources */,
				3EA43060288898ED00AB687F /* Timing+Extension.swift in Sources */,
				3E88E73E2887511D0041173A /* DataController.swift in Sources */,
				3E2739EE28B481B90093B827 /* SetGoalView.swift in Sources */,
				3E88E7442887646E0041173A /* AppViewModel.swift in Sources */,
				3EB328B928844D0600FC4548 /* TimerView.swift in Sources */,
				3EE8E167287522C6008AB34E /* ContentView.swift in Sources */,
				3EE8E173287522E5008AB34E /* Background+Extension.swift in Sources */,
				3E88E7462887764B0041173A /* Tasking+Extension.swift in Sources */,
				3EBD7F97289DF4AB00E4353C /* SettingsView.swift in Sources */,
				3E0537B3288F3097004570D4 /* Color+Extension.swift in Sources */,
				3E88E73A288748FE0041173A /* HomeView.swift in Sources */,
				3EBD7F9B28A1833E00E4353C /* UserDefault+Extension.swift in Sources */,
				3EA2B77A288B1994008A0852 /* ColorSettingView.swift in Sources */,
				3EA2B77C288C6F93008A0852 /* PickingTimeView.swift in Sources */,
				5928406E29BBE701007DB75A /* TaskDetailView.swift in Sources */,
				3E0537B5289182F1004570D4 /* HistoryBarChart.swift in Sources */,
				3E2739F228B48E2D0093B827 /* ShowGestureGuideView.swift in Sources */,
				5926DA5829BF814600A40425 /* KeyboardAwareModifier.swift in Sources */,
				5926DA5B29BFA20800A40425 /* CalendarView.swift in Sources */,
				3EDE818928AEAE5600CC99AD /* MenuButton.swift in Sources */,
				3EB328BB28844D1100FC4548 /* TasksView.swift in Sources */,
				3E88E7422887515E0041173A /* Main.xcdatamodeld in Sources */,
				3EB328B528823A0900FC4548 /* Time+Extension.swift in Sources */,
				59BF90B029BFF47100A3EC0E /* HapticFeedBack.swift in Sources */,
				3E1F777828AAC30800B2867D /* Button+Extension.swift in Sources */,
				3EBD7F99289E04C300E4353C /* FontDesignSettingView.swift in Sources */,
				3EE8E17528752491008AB34E /* TimerViewModel.swift in Sources */,
				3E9AEFC928C2510D00E6D759 /* UnusedCode.swift in Sources */,
				3EAEA84028AC105D000B6444 /* ImagePickerView.swift in Sources */,
				3EF3DD4D2884AF9200DA57DD /* TaskViewModel.swift in Sources */,
				3EE8E165287522C6008AB34E /* iJustFocusApp.swift in Sources */,
				3E0537B1288F0C7E004570D4 /* View+Extension.swift in Sources */,
				3EA430622888A66F00AB687F /* Date+Extension.swift in Sources */,
				59BF90AE29BFF39A00A3EC0E /* AddTaskButton.swift in Sources */,
			);
			runOnlyForDeploymentPostprocessing = 0;
		};
		59706BA529D7E4030069D15A /* Sources */ = {
			isa = PBXSourcesBuildPhase;
			buildActionMask = 2147483647;
			files = (
				59706BB129D7E4030069D15A /* iJustFocusWidgetExtensionBundle.swift in Sources */,
				59706BB529D7E4030069D15A /* iJustFocusWidgetExtension.swift in Sources */,
				59706BB329D7E4030069D15A /* iJustFocusWidgetExtensionLiveActivity.swift in Sources */,
				59706BBA29D7E4040069D15A /* iJustFocusWidgetExtension.intentdefinition in Sources */,
				59706BC329D7E6120069D15A /* Main.xcdatamodeld in Sources */,
			);
			runOnlyForDeploymentPostprocessing = 0;
		};
/* End PBXSourcesBuildPhase section */

/* Begin PBXTargetDependency section */
		59706BBD29D7E4040069D15A /* PBXTargetDependency */ = {
			isa = PBXTargetDependency;
			target = 59706BA829D7E4030069D15A /* iJustFocusWidgetExtensionExtension */;
			targetProxy = 59706BBC29D7E4040069D15A /* PBXContainerItemProxy */;
		};
/* End PBXTargetDependency section */

/* Begin XCBuildConfiguration section */
		3EE8E16D287522C7008AB34E /* Debug */ = {
			isa = XCBuildConfiguration;
			buildSettings = {
				ALWAYS_SEARCH_USER_PATHS = NO;
				CLANG_ANALYZER_NONNULL = YES;
				CLANG_ANALYZER_NUMBER_OBJECT_CONVERSION = YES_AGGRESSIVE;
				CLANG_CXX_LANGUAGE_STANDARD = "gnu++17";
				CLANG_ENABLE_MODULES = YES;
				CLANG_ENABLE_OBJC_ARC = YES;
				CLANG_ENABLE_OBJC_WEAK = YES;
				CLANG_WARN_BLOCK_CAPTURE_AUTORELEASING = YES;
				CLANG_WARN_BOOL_CONVERSION = YES;
				CLANG_WARN_COMMA = YES;
				CLANG_WARN_CONSTANT_CONVERSION = YES;
				CLANG_WARN_DEPRECATED_OBJC_IMPLEMENTATIONS = YES;
				CLANG_WARN_DIRECT_OBJC_ISA_USAGE = YES_ERROR;
				CLANG_WARN_DOCUMENTATION_COMMENTS = YES;
				CLANG_WARN_EMPTY_BODY = YES;
				CLANG_WARN_ENUM_CONVERSION = YES;
				CLANG_WARN_INFINITE_RECURSION = YES;
				CLANG_WARN_INT_CONVERSION = YES;
				CLANG_WARN_NON_LITERAL_NULL_CONVERSION = YES;
				CLANG_WARN_OBJC_IMPLICIT_RETAIN_SELF = YES;
				CLANG_WARN_OBJC_LITERAL_CONVERSION = YES;
				CLANG_WARN_OBJC_ROOT_CLASS = YES_ERROR;
				CLANG_WARN_QUOTED_INCLUDE_IN_FRAMEWORK_HEADER = YES;
				CLANG_WARN_RANGE_LOOP_ANALYSIS = YES;
				CLANG_WARN_STRICT_PROTOTYPES = YES;
				CLANG_WARN_SUSPICIOUS_MOVE = YES;
				CLANG_WARN_UNGUARDED_AVAILABILITY = YES_AGGRESSIVE;
				CLANG_WARN_UNREACHABLE_CODE = YES;
				CLANG_WARN__DUPLICATE_METHOD_MATCH = YES;
				COPY_PHASE_STRIP = NO;
				DEBUG_INFORMATION_FORMAT = dwarf;
				ENABLE_STRICT_OBJC_MSGSEND = YES;
				ENABLE_TESTABILITY = YES;
				GCC_C_LANGUAGE_STANDARD = gnu11;
				GCC_DYNAMIC_NO_PIC = NO;
				GCC_NO_COMMON_BLOCKS = YES;
				GCC_OPTIMIZATION_LEVEL = 0;
				GCC_PREPROCESSOR_DEFINITIONS = (
					"DEBUG=1",
					"$(inherited)",
				);
				GCC_WARN_64_TO_32_BIT_CONVERSION = YES;
				GCC_WARN_ABOUT_RETURN_TYPE = YES_ERROR;
				GCC_WARN_UNDECLARED_SELECTOR = YES;
				GCC_WARN_UNINITIALIZED_AUTOS = YES_AGGRESSIVE;
				GCC_WARN_UNUSED_FUNCTION = YES;
				GCC_WARN_UNUSED_VARIABLE = YES;
				IPHONEOS_DEPLOYMENT_TARGET = 16.0;
				MTL_ENABLE_DEBUG_INFO = INCLUDE_SOURCE;
				MTL_FAST_MATH = YES;
				ONLY_ACTIVE_ARCH = YES;
				SDKROOT = iphoneos;
				SWIFT_ACTIVE_COMPILATION_CONDITIONS = DEBUG;
				SWIFT_OPTIMIZATION_LEVEL = "-Onone";
			};
			name = Debug;
		};
		3EE8E16E287522C7008AB34E /* Release */ = {
			isa = XCBuildConfiguration;
			buildSettings = {
				ALWAYS_SEARCH_USER_PATHS = NO;
				CLANG_ANALYZER_NONNULL = YES;
				CLANG_ANALYZER_NUMBER_OBJECT_CONVERSION = YES_AGGRESSIVE;
				CLANG_CXX_LANGUAGE_STANDARD = "gnu++17";
				CLANG_ENABLE_MODULES = YES;
				CLANG_ENABLE_OBJC_ARC = YES;
				CLANG_ENABLE_OBJC_WEAK = YES;
				CLANG_WARN_BLOCK_CAPTURE_AUTORELEASING = YES;
				CLANG_WARN_BOOL_CONVERSION = YES;
				CLANG_WARN_COMMA = YES;
				CLANG_WARN_CONSTANT_CONVERSION = YES;
				CLANG_WARN_DEPRECATED_OBJC_IMPLEMENTATIONS = YES;
				CLANG_WARN_DIRECT_OBJC_ISA_USAGE = YES_ERROR;
				CLANG_WARN_DOCUMENTATION_COMMENTS = YES;
				CLANG_WARN_EMPTY_BODY = YES;
				CLANG_WARN_ENUM_CONVERSION = YES;
				CLANG_WARN_INFINITE_RECURSION = YES;
				CLANG_WARN_INT_CONVERSION = YES;
				CLANG_WARN_NON_LITERAL_NULL_CONVERSION = YES;
				CLANG_WARN_OBJC_IMPLICIT_RETAIN_SELF = YES;
				CLANG_WARN_OBJC_LITERAL_CONVERSION = YES;
				CLANG_WARN_OBJC_ROOT_CLASS = YES_ERROR;
				CLANG_WARN_QUOTED_INCLUDE_IN_FRAMEWORK_HEADER = YES;
				CLANG_WARN_RANGE_LOOP_ANALYSIS = YES;
				CLANG_WARN_STRICT_PROTOTYPES = YES;
				CLANG_WARN_SUSPICIOUS_MOVE = YES;
				CLANG_WARN_UNGUARDED_AVAILABILITY = YES_AGGRESSIVE;
				CLANG_WARN_UNREACHABLE_CODE = YES;
				CLANG_WARN__DUPLICATE_METHOD_MATCH = YES;
				COPY_PHASE_STRIP = NO;
				DEBUG_INFORMATION_FORMAT = "dwarf-with-dsym";
				ENABLE_NS_ASSERTIONS = NO;
				ENABLE_STRICT_OBJC_MSGSEND = YES;
				GCC_C_LANGUAGE_STANDARD = gnu11;
				GCC_NO_COMMON_BLOCKS = YES;
				GCC_WARN_64_TO_32_BIT_CONVERSION = YES;
				GCC_WARN_ABOUT_RETURN_TYPE = YES_ERROR;
				GCC_WARN_UNDECLARED_SELECTOR = YES;
				GCC_WARN_UNINITIALIZED_AUTOS = YES_AGGRESSIVE;
				GCC_WARN_UNUSED_FUNCTION = YES;
				GCC_WARN_UNUSED_VARIABLE = YES;
				IPHONEOS_DEPLOYMENT_TARGET = 16.0;
				MTL_ENABLE_DEBUG_INFO = NO;
				MTL_FAST_MATH = YES;
				SDKROOT = iphoneos;
				SWIFT_COMPILATION_MODE = wholemodule;
				SWIFT_OPTIMIZATION_LEVEL = "-O";
				VALIDATE_PRODUCT = YES;
			};
			name = Release;
		};
		3EE8E170287522C7008AB34E /* Debug */ = {
			isa = XCBuildConfiguration;
			buildSettings = {
				ALWAYS_EMBED_SWIFT_STANDARD_LIBRARIES = YES;
				ASSETCATALOG_COMPILER_APPICON_NAME = AppIcon;
				ASSETCATALOG_COMPILER_GLOBAL_ACCENT_COLOR_NAME = AccentColor;
				CODE_SIGN_ENTITLEMENTS = iJustFocus/iJustFocus.entitlements;
				CODE_SIGN_STYLE = Automatic;
				CURRENT_PROJECT_VERSION = 1;
				DEVELOPMENT_ASSET_PATHS = "\"iJustFocus/Preview Content\"";
				DEVELOPMENT_TEAM = B6LXP9JCNK;
				ENABLE_PREVIEWS = YES;
				GENERATE_INFOPLIST_FILE = YES;
				INFOPLIST_FILE = iJustFocus/Info.plist;
				INFOPLIST_KEY_UIApplicationSceneManifest_Generation = YES;
				INFOPLIST_KEY_UIApplicationSupportsIndirectInputEvents = YES;
				INFOPLIST_KEY_UILaunchScreen_Generation = YES;
				INFOPLIST_KEY_UIStatusBarStyle = "";
				INFOPLIST_KEY_UISupportedInterfaceOrientations = "UIInterfaceOrientationLandscapeLeft UIInterfaceOrientationLandscapeRight UIInterfaceOrientationPortrait";
				INFOPLIST_KEY_UISupportedInterfaceOrientations_iPad = "UIInterfaceOrientationLandscapeLeft UIInterfaceOrientationLandscapeRight UIInterfaceOrientationPortrait UIInterfaceOrientationPortraitUpsideDown";
				LD_RUNPATH_SEARCH_PATHS = (
					"$(inherited)",
					"@executable_path/Frameworks",
				);
				MARKETING_VERSION = 1.0;
				PRODUCT_BUNDLE_IDENTIFIER = com.HuyOng.iJustFocus;
				PRODUCT_NAME = "$(TARGET_NAME)";
				SUPPORTED_PLATFORMS = "iphoneos iphonesimulator";
				SUPPORTS_MACCATALYST = NO;
				SUPPORTS_MAC_DESIGNED_FOR_IPHONE_IPAD = YES;
				SWIFT_EMIT_LOC_STRINGS = YES;
				SWIFT_VERSION = 5.0;
				TARGETED_DEVICE_FAMILY = "1,2";
			};
			name = Debug;
		};
		3EE8E171287522C7008AB34E /* Release */ = {
			isa = XCBuildConfiguration;
			buildSettings = {
				ALWAYS_EMBED_SWIFT_STANDARD_LIBRARIES = YES;
				ASSETCATALOG_COMPILER_APPICON_NAME = AppIcon;
				ASSETCATALOG_COMPILER_GLOBAL_ACCENT_COLOR_NAME = AccentColor;
				CODE_SIGN_ENTITLEMENTS = iJustFocus/iJustFocus.entitlements;
				CODE_SIGN_STYLE = Automatic;
				CURRENT_PROJECT_VERSION = 1;
				DEVELOPMENT_ASSET_PATHS = "\"iJustFocus/Preview Content\"";
				DEVELOPMENT_TEAM = B6LXP9JCNK;
				ENABLE_PREVIEWS = YES;
				GENERATE_INFOPLIST_FILE = YES;
				INFOPLIST_FILE = iJustFocus/Info.plist;
				INFOPLIST_KEY_UIApplicationSceneManifest_Generation = YES;
				INFOPLIST_KEY_UIApplicationSupportsIndirectInputEvents = YES;
				INFOPLIST_KEY_UILaunchScreen_Generation = YES;
				INFOPLIST_KEY_UIStatusBarStyle = "";
				INFOPLIST_KEY_UISupportedInterfaceOrientations = "UIInterfaceOrientationLandscapeLeft UIInterfaceOrientationLandscapeRight UIInterfaceOrientationPortrait";
				INFOPLIST_KEY_UISupportedInterfaceOrientations_iPad = "UIInterfaceOrientationLandscapeLeft UIInterfaceOrientationLandscapeRight UIInterfaceOrientationPortrait UIInterfaceOrientationPortraitUpsideDown";
				LD_RUNPATH_SEARCH_PATHS = (
					"$(inherited)",
					"@executable_path/Frameworks",
				);
				MARKETING_VERSION = 1.0;
				PRODUCT_BUNDLE_IDENTIFIER = com.HuyOng.iJustFocus;
				PRODUCT_NAME = "$(TARGET_NAME)";
				SUPPORTED_PLATFORMS = "iphoneos iphonesimulator";
				SUPPORTS_MACCATALYST = NO;
				SUPPORTS_MAC_DESIGNED_FOR_IPHONE_IPAD = YES;
				SWIFT_EMIT_LOC_STRINGS = YES;
				SWIFT_VERSION = 5.0;
				TARGETED_DEVICE_FAMILY = "1,2";
			};
			name = Release;
		};
		59706BC029D7E4040069D15A /* Debug */ = {
			isa = XCBuildConfiguration;
			buildSettings = {
				ASSETCATALOG_COMPILER_GLOBAL_ACCENT_COLOR_NAME = AccentColor;
				ASSETCATALOG_COMPILER_WIDGET_BACKGROUND_COLOR_NAME = WidgetBackground;
				CLANG_CXX_LANGUAGE_STANDARD = "gnu++20";
				CODE_SIGN_STYLE = Automatic;
				CURRENT_PROJECT_VERSION = 1;
				DEVELOPMENT_TEAM = B6LXP9JCNK;
				GENERATE_INFOPLIST_FILE = YES;
				INFOPLIST_FILE = iJustFocusWidgetExtension/Info.plist;
				INFOPLIST_KEY_CFBundleDisplayName = iJustFocusWidgetExtension;
				INFOPLIST_KEY_NSHumanReadableCopyright = "";
				IPHONEOS_DEPLOYMENT_TARGET = 16.2;
				LD_RUNPATH_SEARCH_PATHS = (
					"$(inherited)",
					"@executable_path/Frameworks",
					"@executable_path/../../Frameworks",
				);
				MARKETING_VERSION = 1.0;
				PRODUCT_BUNDLE_IDENTIFIER = com.HuyOng.iJustFocus.iJustFocusWidgetExtension;
				PRODUCT_NAME = "$(TARGET_NAME)";
				SKIP_INSTALL = YES;
				SWIFT_EMIT_LOC_STRINGS = YES;
				SWIFT_VERSION = 5.0;
				TARGETED_DEVICE_FAMILY = "1,2";
			};
			name = Debug;
		};
		59706BC129D7E4040069D15A /* Release */ = {
			isa = XCBuildConfiguration;
			buildSettings = {
				ASSETCATALOG_COMPILER_GLOBAL_ACCENT_COLOR_NAME = AccentColor;
				ASSETCATALOG_COMPILER_WIDGET_BACKGROUND_COLOR_NAME = WidgetBackground;
				CLANG_CXX_LANGUAGE_STANDARD = "gnu++20";
				CODE_SIGN_STYLE = Automatic;
				CURRENT_PROJECT_VERSION = 1;
				DEVELOPMENT_TEAM = B6LXP9JCNK;
				GENERATE_INFOPLIST_FILE = YES;
				INFOPLIST_FILE = iJustFocusWidgetExtension/Info.plist;
				INFOPLIST_KEY_CFBundleDisplayName = iJustFocusWidgetExtension;
				INFOPLIST_KEY_NSHumanReadableCopyright = "";
				IPHONEOS_DEPLOYMENT_TARGET = 16.2;
				LD_RUNPATH_SEARCH_PATHS = (
					"$(inherited)",
					"@executable_path/Frameworks",
					"@executable_path/../../Frameworks",
				);
				MARKETING_VERSION = 1.0;
				PRODUCT_BUNDLE_IDENTIFIER = com.HuyOng.iJustFocus.iJustFocusWidgetExtension;
				PRODUCT_NAME = "$(TARGET_NAME)";
				SKIP_INSTALL = YES;
				SWIFT_EMIT_LOC_STRINGS = YES;
				SWIFT_VERSION = 5.0;
				TARGETED_DEVICE_FAMILY = "1,2";
			};
			name = Release;
		};
/* End XCBuildConfiguration section */

/* Begin XCConfigurationList section */
		3EE8E15C287522C6008AB34E /* Build configuration list for PBXProject "iJustFocus" */ = {
			isa = XCConfigurationList;
			buildConfigurations = (
				3EE8E16D287522C7008AB34E /* Debug */,
				3EE8E16E287522C7008AB34E /* Release */,
			);
			defaultConfigurationIsVisible = 0;
			defaultConfigurationName = Release;
		};
		3EE8E16F287522C7008AB34E /* Build configuration list for PBXNativeTarget "iJustFocus" */ = {
			isa = XCConfigurationList;
			buildConfigurations = (
				3EE8E170287522C7008AB34E /* Debug */,
				3EE8E171287522C7008AB34E /* Release */,
			);
			defaultConfigurationIsVisible = 0;
			defaultConfigurationName = Release;
		};
		59706BC229D7E4040069D15A /* Build configuration list for PBXNativeTarget "iJustFocusWidgetExtensionExtension" */ = {
			isa = XCConfigurationList;
			buildConfigurations = (
				59706BC029D7E4040069D15A /* Debug */,
				59706BC129D7E4040069D15A /* Release */,
			);
			defaultConfigurationIsVisible = 0;
			defaultConfigurationName = Release;
		};
/* End XCConfigurationList section */

/* Begin XCVersionGroup section */
		3E88E7402887515E0041173A /* Main.xcdatamodeld */ = {
			isa = XCVersionGroup;
			children = (
				3E88E7412887515E0041173A /* Main.xcdatamodel */,
			);
			currentVersion = 3E88E7412887515E0041173A /* Main.xcdatamodel */;
			path = Main.xcdatamodeld;
			sourceTree = "<group>";
			versionGroupType = wrapper.xcdatamodel;
		};
/* End XCVersionGroup section */
	};
	rootObject = 3EE8E159287522C6008AB34E /* Project object */;
}
